
Microsoft Visual Studio Solution File, Format Version 12.00
# Visual Studio Version 17
VisualStudioVersion = 17.1.32407.343
MinimumVisualStudioVersion = 10.0.40219.1
Project("{FAE04EC0-301F-11D3-BF4B-00C04F79EFBC}") = "Variable_1", "Variable_1\Variable_1.csproj", "{CBBE1F51-8935-485B-9E39-FFEB3AEE3000}"
EndProject
Global
	GlobalSection(SolutionConfigurationPlatforms) = preSolution
		Debug|Any CPU = Debug|Any CPU
		Release|Any CPU = Release|Any CPU
	EndGlobalSection
	GlobalSection(ProjectConfigurationPlatforms) = postSolution
		{CBBE1F51-8935-485B-9E39-FFEB3AEE3000}.Debug|Any CPU.ActiveCfg = Debug|Any CPU
		{CBBE1F51-8935-485B-9E39-FFEB3AEE3000}.Debug|Any CPU.Build.0 = Debug|Any CPU
		{CBBE1F51-8935-485B-9E39-FFEB3AEE3000}.Release|Any CPU.ActiveCfg = Release|Any CPU
		{CBBE1F51-8935-485B-9E39-FFEB3AEE3000}.Release|Any CPU.Build.0 = Release|Any CPU
	EndGlobalSection
	GlobalSection(SolutionProperties) = preSolution
		HideSolutionNode = FALSE
	EndGlobalSection
	GlobalSection(ExtensibilityGlobals) = postSolution
		SolutionGuid = {124FDD49-F9E6-49A3-BB3C-603EFF4E8E4C}
	EndGlobalSection
EndGlobal
