
Microsoft Visual Studio Solution File, Format Version 12.00
# Visual Studio Version 16
VisualStudioVersion = 25.0.1700.4
MinimumVisualStudioVersion = 10.0.40219.1
Project("{FAE04EC0-301F-11D3-BF4B-00C04F79EFBC}") = "OOP_6", "OOP_6\OOP_6.csproj", "{B34B61EC-F870-4D52-AA05-134FD8E80A15}"
EndProject
Global
	GlobalSection(SolutionConfigurationPlatforms) = preSolution
		Debug|Any CPU = Debug|Any CPU
		Release|Any CPU = Release|Any CPU
	EndGlobalSection
	GlobalSection(ProjectConfigurationPlatforms) = postSolution
		{B34B61EC-F870-4D52-AA05-134FD8E80A15}.Debug|Any CPU.ActiveCfg = Debug|Any CPU
		{B34B61EC-F870-4D52-AA05-134FD8E80A15}.Debug|Any CPU.Build.0 = Debug|Any CPU
		{B34B61EC-F870-4D52-AA05-134FD8E80A15}.Release|Any CPU.ActiveCfg = Release|Any CPU
		{B34B61EC-F870-4D52-AA05-134FD8E80A15}.Release|Any CPU.Build.0 = Release|Any CPU
	EndGlobalSection
	GlobalSection(SolutionProperties) = preSolution
		HideSolutionNode = FALSE
	EndGlobalSection
	GlobalSection(ExtensibilityGlobals) = postSolution
		SolutionGuid = {B0A5CF04-5E29-420D-B32A-39E5A87EAD74}
	EndGlobalSection
EndGlobal
