
Microsoft Visual Studio Solution File, Format Version 12.00
# Visual Studio Version 17
VisualStudioVersion = 17.2.32526.322
MinimumVisualStudioVersion = 10.0.40219.1
Project("{FAE04EC0-301F-11D3-BF4B-00C04F79EFBC}") = "OOP_10", "OOP_10\OOP_10.csproj", "{C7675720-38A6-40ED-A6DD-97A7222A120F}"
EndProject
Global
	GlobalSection(SolutionConfigurationPlatforms) = preSolution
		Debug|Any CPU = Debug|Any CPU
		Release|Any CPU = Release|Any CPU
	EndGlobalSection
	GlobalSection(ProjectConfigurationPlatforms) = postSolution
		{C7675720-38A6-40ED-A6DD-97A7222A120F}.Debug|Any CPU.ActiveCfg = Debug|Any CPU
		{C7675720-38A6-40ED-A6DD-97A7222A120F}.Debug|Any CPU.Build.0 = Debug|Any CPU
		{C7675720-38A6-40ED-A6DD-97A7222A120F}.Release|Any CPU.ActiveCfg = Release|Any CPU
		{C7675720-38A6-40ED-A6DD-97A7222A120F}.Release|Any CPU.Build.0 = Release|Any CPU
	EndGlobalSection
	GlobalSection(SolutionProperties) = preSolution
		HideSolutionNode = FALSE
	EndGlobalSection
	GlobalSection(ExtensibilityGlobals) = postSolution
		SolutionGuid = {A739D391-AB7F-492F-B496-3C5432FB916E}
	EndGlobalSection
EndGlobal
