
Microsoft Visual Studio Solution File, Format Version 12.00
# Visual Studio Version 16
VisualStudioVersion = 25.0.1700.4
MinimumVisualStudioVersion = 10.0.40219.1
Project("{FAE04EC0-301F-11D3-BF4B-00C04F79EFBC}") = "OOP_4", "OOP_4\OOP_4.csproj", "{CE2EF258-9BBE-4F4A-805D-B717F112F7BA}"
EndProject
Global
	GlobalSection(SolutionConfigurationPlatforms) = preSolution
		Debug|Any CPU = Debug|Any CPU
		Release|Any CPU = Release|Any CPU
	EndGlobalSection
	GlobalSection(ProjectConfigurationPlatforms) = postSolution
		{CE2EF258-9BBE-4F4A-805D-B717F112F7BA}.Debug|Any CPU.ActiveCfg = Debug|Any CPU
		{CE2EF258-9BBE-4F4A-805D-B717F112F7BA}.Debug|Any CPU.Build.0 = Debug|Any CPU
		{CE2EF258-9BBE-4F4A-805D-B717F112F7BA}.Release|Any CPU.ActiveCfg = Release|Any CPU
		{CE2EF258-9BBE-4F4A-805D-B717F112F7BA}.Release|Any CPU.Build.0 = Release|Any CPU
	EndGlobalSection
	GlobalSection(SolutionProperties) = preSolution
		HideSolutionNode = FALSE
	EndGlobalSection
	GlobalSection(ExtensibilityGlobals) = postSolution
		SolutionGuid = {6311D58C-7916-4052-BC4D-BDA4087493A8}
	EndGlobalSection
EndGlobal
