
Microsoft Visual Studio Solution File, Format Version 12.00
# Visual Studio Version 17
VisualStudioVersion = 17.2.32526.322
MinimumVisualStudioVersion = 10.0.40219.1
Project("{FAE04EC0-301F-11D3-BF4B-00C04F79EFBC}") = "LinQ_3", "LinQ_3\LinQ_3.csproj", "{73CA9CDE-A55B-486B-8518-4A86C7ADCBB8}"
EndProject
Global
	GlobalSection(SolutionConfigurationPlatforms) = preSolution
		Debug|Any CPU = Debug|Any CPU
		Release|Any CPU = Release|Any CPU
	EndGlobalSection
	GlobalSection(ProjectConfigurationPlatforms) = postSolution
		{73CA9CDE-A55B-486B-8518-4A86C7ADCBB8}.Debug|Any CPU.ActiveCfg = Debug|Any CPU
		{73CA9CDE-A55B-486B-8518-4A86C7ADCBB8}.Debug|Any CPU.Build.0 = Debug|Any CPU
		{73CA9CDE-A55B-486B-8518-4A86C7ADCBB8}.Release|Any CPU.ActiveCfg = Release|Any CPU
		{73CA9CDE-A55B-486B-8518-4A86C7ADCBB8}.Release|Any CPU.Build.0 = Release|Any CPU
	EndGlobalSection
	GlobalSection(SolutionProperties) = preSolution
		HideSolutionNode = FALSE
	EndGlobalSection
	GlobalSection(ExtensibilityGlobals) = postSolution
		SolutionGuid = {3576A0BF-397D-4F63-98DB-E8A10E0B3E15}
	EndGlobalSection
EndGlobal
