
Microsoft Visual Studio Solution File, Format Version 12.00
# Visual Studio Version 17
VisualStudioVersion = 17.1.32407.343
MinimumVisualStudioVersion = 10.0.40219.1
Project("{FAE04EC0-301F-11D3-BF4B-00C04F79EFBC}") = "Function_1", "Function_1.csproj", "{20BF208D-AF18-47D0-A949-72918A34A9C7}"
EndProject
Global
	GlobalSection(SolutionConfigurationPlatforms) = preSolution
		Debug|Any CPU = Debug|Any CPU
		Release|Any CPU = Release|Any CPU
	EndGlobalSection
	GlobalSection(ProjectConfigurationPlatforms) = postSolution
		{20BF208D-AF18-47D0-A949-72918A34A9C7}.Debug|Any CPU.ActiveCfg = Debug|Any CPU
		{20BF208D-AF18-47D0-A949-72918A34A9C7}.Debug|Any CPU.Build.0 = Debug|Any CPU
		{20BF208D-AF18-47D0-A949-72918A34A9C7}.Release|Any CPU.ActiveCfg = Release|Any CPU
		{20BF208D-AF18-47D0-A949-72918A34A9C7}.Release|Any CPU.Build.0 = Release|Any CPU
	EndGlobalSection
	GlobalSection(SolutionProperties) = preSolution
		HideSolutionNode = FALSE
	EndGlobalSection
	GlobalSection(ExtensibilityGlobals) = postSolution
		SolutionGuid = {63C7B463-06FA-451E-A1AB-478E589B7594}
	EndGlobalSection
EndGlobal
